<?xml version="1.0" encoding="UTF-8"?>
<CodeBlocks_project_file>
	<FileVersion major="1" minor="6"/>
	<Project>
		<Option title="warships"/>
		<Option makefile_is_custom="1"/>
		<Option compiler="gcc"/>
		<Option virtualFolders="CMake Files\;"/>
		<Build>
			<Target title="all">
				<Option working_dir="/mnt/d/Рабочий стол/projects/warships"/>
				<Option type="4"/>
				<MakeCommands>
					<Build command="/usr/bin/make -f &quot;/mnt/d/Рабочий\ стол/projects/warships/Makefile&quot;  VERBOSE=1 all"/>
					<CompileFile command="/usr/bin/make -f &quot;/mnt/d/Рабочий\ стол/projects/warships/Makefile&quot;  VERBOSE=1 &quot;$file&quot;"/>
					<Clean command="/usr/bin/make -f &quot;/mnt/d/Рабочий\ стол/projects/warships/Makefile&quot;  VERBOSE=1 clean"/>
					<DistClean command="/usr/bin/make -f &quot;/mnt/d/Рабочий\ стол/projects/warships/Makefile&quot;  VERBOSE=1 clean"/>
				</MakeCommands>
			</Target>
			<Target title="rebuild_cache">
				<Option working_dir="/mnt/d/Рабочий стол/projects/warships"/>
				<Option type="4"/>
				<MakeCommands>
					<Build command="/usr/bin/make -f &quot;/mnt/d/Рабочий\ стол/projects/warships/Makefile&quot;  VERBOSE=1 rebuild_cache"/>
					<CompileFile command="/usr/bin/make -f &quot;/mnt/d/Рабочий\ стол/projects/warships/Makefile&quot;  VERBOSE=1 &quot;$file&quot;"/>
					<Clean command="/usr/bin/make -f &quot;/mnt/d/Рабочий\ стол/projects/warships/Makefile&quot;  VERBOSE=1 clean"/>
					<DistClean command="/usr/bin/make -f &quot;/mnt/d/Рабочий\ стол/projects/warships/Makefile&quot;  VERBOSE=1 clean"/>
				</MakeCommands>
			</Target>
			<Target title="edit_cache">
				<Option working_dir="/mnt/d/Рабочий стол/projects/warships"/>
				<Option type="4"/>
				<MakeCommands>
					<Build command="/usr/bin/make -f &quot;/mnt/d/Рабочий\ стол/projects/warships/Makefile&quot;  VERBOSE=1 edit_cache"/>
					<CompileFile command="/usr/bin/make -f &quot;/mnt/d/Рабочий\ стол/projects/warships/Makefile&quot;  VERBOSE=1 &quot;$file&quot;"/>
					<Clean command="/usr/bin/make -f &quot;/mnt/d/Рабочий\ стол/projects/warships/Makefile&quot;  VERBOSE=1 clean"/>
					<DistClean command="/usr/bin/make -f &quot;/mnt/d/Рабочий\ стол/projects/warships/Makefile&quot;  VERBOSE=1 clean"/>
				</MakeCommands>
			</Target>
			<Target title="warships">
				<Option output="/mnt/d/Рабочий стол/projects/warships/warships" prefix_auto="0" extension_auto="0"/>
				<Option working_dir="/mnt/d/Рабочий стол/projects/warships"/>
				<Option object_output="./"/>
				<Option type="1"/>
				<Option compiler="gcc"/>
				<Compiler>
					<Add directory="/mnt/d/Рабочий стол/projects/warships/include"/>
				</Compiler>
				<MakeCommands>
					<Build command="/usr/bin/make -f &quot;/mnt/d/Рабочий\ стол/projects/warships/Makefile&quot;  VERBOSE=1 warships"/>
					<CompileFile command="/usr/bin/make -f &quot;/mnt/d/Рабочий\ стол/projects/warships/Makefile&quot;  VERBOSE=1 &quot;$file&quot;"/>
					<Clean command="/usr/bin/make -f &quot;/mnt/d/Рабочий\ стол/projects/warships/Makefile&quot;  VERBOSE=1 clean"/>
					<DistClean command="/usr/bin/make -f &quot;/mnt/d/Рабочий\ стол/projects/warships/Makefile&quot;  VERBOSE=1 clean"/>
				</MakeCommands>
			</Target>
			<Target title="warships/fast">
				<Option output="/mnt/d/Рабочий стол/projects/warships/warships" prefix_auto="0" extension_auto="0"/>
				<Option working_dir="/mnt/d/Рабочий стол/projects/warships"/>
				<Option object_output="./"/>
				<Option type="1"/>
				<Option compiler="gcc"/>
				<Compiler>
					<Add directory="/mnt/d/Рабочий стол/projects/warships/include"/>
				</Compiler>
				<MakeCommands>
					<Build command="/usr/bin/make -f &quot;/mnt/d/Рабочий\ стол/projects/warships/Makefile&quot;  VERBOSE=1 warships/fast"/>
					<CompileFile command="/usr/bin/make -f &quot;/mnt/d/Рабочий\ стол/projects/warships/Makefile&quot;  VERBOSE=1 &quot;$file&quot;"/>
					<Clean command="/usr/bin/make -f &quot;/mnt/d/Рабочий\ стол/projects/warships/Makefile&quot;  VERBOSE=1 clean"/>
					<DistClean command="/usr/bin/make -f &quot;/mnt/d/Рабочий\ стол/projects/warships/Makefile&quot;  VERBOSE=1 clean"/>
				</MakeCommands>
			</Target>
		</Build>
		<Unit filename="/mnt/d/Рабочий стол/projects/warships/include/field.h">
			<Option target="warships"/>
		</Unit>
		<Unit filename="/mnt/d/Рабочий стол/projects/warships/include/game.h">
			<Option target="warships"/>
		</Unit>
		<Unit filename="/mnt/d/Рабочий стол/projects/warships/include/gamerules.h">
			<Option target="warships"/>
		</Unit>
		<Unit filename="/mnt/d/Рабочий стол/projects/warships/include/standards.h">
			<Option target="warships"/>
		</Unit>
		<Unit filename="/mnt/d/Рабочий стол/projects/warships/include/user.h">
			<Option target="warships"/>
		</Unit>
		<Unit filename="/mnt/d/Рабочий стол/projects/warships/src/field.cpp">
			<Option target="warships"/>
		</Unit>
		<Unit filename="/mnt/d/Рабочий стол/projects/warships/src/game.cpp">
			<Option target="warships"/>
		</Unit>
		<Unit filename="/mnt/d/Рабочий стол/projects/warships/src/gamerules.cpp">
			<Option target="warships"/>
		</Unit>
		<Unit filename="/mnt/d/Рабочий стол/projects/warships/src/main.cpp">
			<Option target="warships"/>
		</Unit>
		<Unit filename="/mnt/d/Рабочий стол/projects/warships/src/user.cpp">
			<Option target="warships"/>
		</Unit>
		<Unit filename="/mnt/d/Рабочий стол/projects/warships/CMakeLists.txt">
			<Option virtualFolder="CMake Files\"/>
		</Unit>
	</Project>
</CodeBlocks_project_file>
